
Microsoft Visual Studio Solution File, Format Version 12.00
# Visual Studio Version 17
VisualStudioVersion = 17.14.36930.0
MinimumVisualStudioVersion = 10.0.40219.1
Project("{FAE04EC0-301F-11D3-BF4B-00C04F79EFBC}") = "Restore_Presentation", "Restore_Presentation\Restore_Presentation.csproj", "{FC88E6E1-4165-4318-84CB-A7BCFF50D6D7}"
EndProject
Project("{FAE04EC0-301F-11D3-BF4B-00C04F79EFBC}") = "Restore_Testing", "Restore_Testing\Restore_Testing.csproj", "{9500CF77-4A8B-4830-A13E-E09E7BE6D636}"
EndProject
Global
	GlobalSection(SolutionConfigurationPlatforms) = preSolution
		Debug|Any CPU = Debug|Any CPU
		Release|Any CPU = Release|Any CPU
	EndGlobalSection
	GlobalSection(ProjectConfigurationPlatforms) = postSolution
		{FC88E6E1-4165-4318-84CB-A7BCFF50D6D7}.Debug|Any CPU.ActiveCfg = Debug|Any CPU
		{FC88E6E1-4165-4318-84CB-A7BCFF50D6D7}.Debug|Any CPU.Build.0 = Debug|Any CPU
		{FC88E6E1-4165-4318-84CB-A7BCFF50D6D7}.Release|Any CPU.ActiveCfg = Release|Any CPU
		{FC88E6E1-4165-4318-84CB-A7BCFF50D6D7}.Release|Any CPU.Build.0 = Release|Any CPU
		{9500CF77-4A8B-4830-A13E-E09E7BE6D636}.Debug|Any CPU.ActiveCfg = Debug|Any CPU
		{9500CF77-4A8B-4830-A13E-E09E7BE6D636}.Debug|Any CPU.Build.0 = Debug|Any CPU
		{9500CF77-4A8B-4830-A13E-E09E7BE6D636}.Release|Any CPU.ActiveCfg = Release|Any CPU
		{9500CF77-4A8B-4830-A13E-E09E7BE6D636}.Release|Any CPU.Build.0 = Release|Any CPU
	EndGlobalSection
	GlobalSection(SolutionProperties) = preSolution
		HideSolutionNode = FALSE
	EndGlobalSection
	GlobalSection(ExtensibilityGlobals) = postSolution
		SolutionGuid = {18A63744-17F3-42C2-BC7F-26496402A13E}
	EndGlobalSection
EndGlobal
